{
    "_readme": [
        "This file locks the dependencies of your project to a known state",
        "Read more about it at https://getcomposer.org/doc/01-basic-usage.md#installing-dependencies",
        "This file is @generated automatically"
    ],
    "content-hash": "9aa8f9fadd5f6f6be890b84439511202",
    "packages": [
        {
            "name": "rinvex/countries",
            "version": "v8.1.2",
            "source": {
                "type": "git",
                "url": "https://github.com/rinvex/countries.git",
                "reference": "b012697307453e7d9d2df25bd385904b3e2e9baf"
            },
            "dist": {
                "type": "zip",
                "url": "https://api.github.com/repos/rinvex/countries/zipball/b012697307453e7d9d2df25bd385904b3e2e9baf",
                "reference": "b012697307453e7d9d2df25bd385904b3e2e9baf",
                "shasum": ""
            },
            "require": {
                "php": "^8.0.0"
            },
            "require-dev": {
                "codedungeon/phpunit-result-printer": "^0.31.0",
                "phpunit/phpunit": "^9.5.0"
            },
            "type": "library",
            "extra": {
                "laravel": {
                    "providers": [
                        "Rinvex\\Country\\Providers\\CountryServiceProvider"
                    ]
                }
            },
            "autoload": {
                "files": [
                    "src/helpers.php"
                ],
                "psr-4": {
                    "Rinvex\\Country\\": "src/"
                }
            },
            "notification-url": "https://packagist.org/downloads/",
            "license": [
                "MIT"
            ],
            "authors": [
                {
                    "name": "Rinvex LLC",
                    "email": "help@rinvex.com",
                    "homepage": "https://rinvex.com"
                },
                {
                    "name": "Abdelrahman Omran",
                    "email": "me@omranic.com",
                    "homepage": "https://omranic.com",
                    "role": "Project Lead"
                },
                {
                    "name": "The Generous PHP Community",
                    "homepage": "https://github.com/rinvex/countries/contributors"
                }
            ],
            "description": "Rinvex Countries is a simple and lightweight package for retrieving country details with flexibility. A whole bunch of data including name, demonym, capital, iso codes, dialling codes, geo data, currencies, flags, emoji, and other attributes for all 250 countries worldwide at your fingertips.",
            "homepage": "https://rinvex.com",
            "keywords": [
                "Flexible",
                "Simple",
                "countries",
                "country",
                "currencies",
                "demonym",
                "dialling",
                "emoji",
                "flags",
                "geographic",
                "languages",
                "rinvex",
                "svg"
            ],
            "support": {
                "docs": "https://github.com/rinvex/countries/blob/master/README.md",
                "email": "help@rinvex.com",
                "issues": "https://github.com/rinvex/countries/issues",
                "source": "https://github.com/rinvex/countries"
            },
            "time": "2022-12-29T20:30:43+00:00"
        },
        {
            "name": "symfony/deprecation-contracts",
            "version": "v3.5.0",
            "source": {
                "type": "git",
                "url": "https://github.com/symfony/deprecation-contracts.git",
                "reference": "0e0d29ce1f20deffb4ab1b016a7257c4f1e789a1"
            },
            "dist": {
                "type": "zip",
                "url": "https://api.github.com/repos/symfony/deprecation-contracts/zipball/0e0d29ce1f20deffb4ab1b016a7257c4f1e789a1",
                "reference": "0e0d29ce1f20deffb4ab1b016a7257c4f1e789a1",
                "shasum": ""
            },
            "require": {
                "php": ">=8.1"
            },
            "type": "library",
            "extra": {
                "branch-alias": {
                    "dev-main": "3.5-dev"
                },
                "thanks": {
                    "name": "symfony/contracts",
                    "url": "https://github.com/symfony/contracts"
                }
            },
            "autoload": {
                "files": [
                    "function.php"
                ]
            },
            "notification-url": "https://packagist.org/downloads/",
            "license": [
                "MIT"
            ],
            "authors": [
                {
                    "name": "Nicolas Grekas",
                    "email": "p@tchwork.com"
                },
                {
                    "name": "Symfony Community",
                    "homepage": "https://symfony.com/contributors"
                }
            ],
            "description": "A generic function and convention to trigger deprecation notices",
            "homepage": "https://symfony.com",
            "support": {
                "source": "https://github.com/symfony/deprecation-contracts/tree/v3.5.0"
            },
            "funding": [
                {
                    "url": "https://symfony.com/sponsor",
                    "type": "custom"
                },
                {
                    "url": "https://github.com/fabpot",
                    "type": "github"
                },
                {
                    "url": "https://tidelift.com/funding/github/packagist/symfony/symfony",
                    "type": "tidelift"
                }
            ],
            "time": "2024-04-18T09:32:20+00:00"
        },
        {
            "name": "symfony/intl",
            "version": "v5.4.39",
            "source": {
                "type": "git",
                "url": "https://github.com/symfony/intl.git",
                "reference": "0ae24e7ead0761e3e29e89c3336353b991c90f96"
            },
            "dist": {
                "type": "zip",
                "url": "https://api.github.com/repos/symfony/intl/zipball/0ae24e7ead0761e3e29e89c3336353b991c90f96",
                "reference": "0ae24e7ead0761e3e29e89c3336353b991c90f96",
                "shasum": ""
            },
            "require": {
                "php": ">=7.2.5",
                "symfony/deprecation-contracts": "^2.1|^3",
                "symfony/polyfill-php80": "^1.16"
            },
            "require-dev": {
                "symfony/filesystem": "^4.4|^5.0|^6.0",
                "symfony/var-exporter": "^5.4|^6.0"
            },
            "type": "library",
            "autoload": {
                "files": [
                    "Resources/functions.php"
                ],
                "psr-4": {
                    "Symfony\\Component\\Intl\\": ""
                },
                "classmap": [
                    "Resources/stubs"
                ],
                "exclude-from-classmap": [
                    "/Tests/",
                    "/Resources/data/"
                ]
            },
            "notification-url": "https://packagist.org/downloads/",
            "license": [
                "MIT"
            ],
            "authors": [
                {
                    "name": "Bernhard Schussek",
                    "email": "bschussek@gmail.com"
                },
                {
                    "name": "Eriksen Costa",
                    "email": "eriksen.costa@infranology.com.br"
                },
                {
                    "name": "Igor Wiedler",
                    "email": "igor@wiedler.ch"
                },
                {
                    "name": "Symfony Community",
                    "homepage": "https://symfony.com/contributors"
                }
            ],
            "description": "Provides a PHP replacement layer for the C intl extension that includes additional data from the ICU library",
            "homepage": "https://symfony.com",
            "keywords": [
                "i18n",
                "icu",
                "internationalization",
                "intl",
                "l10n",
                "localization"
            ],
            "support": {
                "source": "https://github.com/symfony/intl/tree/v5.4.39"
            },
            "funding": [
                {
                    "url": "https://symfony.com/sponsor",
                    "type": "custom"
                },
                {
                    "url": "https://github.com/fabpot",
                    "type": "github"
                },
                {
                    "url": "https://tidelift.com/funding/github/packagist/symfony/symfony",
                    "type": "tidelift"
                }
            ],
            "time": "2024-04-18T08:26:06+00:00"
        },
        {
            "name": "symfony/polyfill-php80",
            "version": "v1.29.0",
            "source": {
                "type": "git",
                "url": "https://github.com/symfony/polyfill-php80.git",
                "reference": "87b68208d5c1188808dd7839ee1e6c8ec3b02f1b"
            },
            "dist": {
                "type": "zip",
                "url": "https://api.github.com/repos/symfony/polyfill-php80/zipball/87b68208d5c1188808dd7839ee1e6c8ec3b02f1b",
                "reference": "87b68208d5c1188808dd7839ee1e6c8ec3b02f1b",
                "shasum": ""
            },
            "require": {
                "php": ">=7.1"
            },
            "type": "library",
            "extra": {
                "thanks": {
                    "name": "symfony/polyfill",
                    "url": "https://github.com/symfony/polyfill"
                }
            },
            "autoload": {
                "files": [
                    "bootstrap.php"
                ],
                "psr-4": {
                    "Symfony\\Polyfill\\Php80\\": ""
                },
                "classmap": [
                    "Resources/stubs"
                ]
            },
            "notification-url": "https://packagist.org/downloads/",
            "license": [
                "MIT"
            ],
            "authors": [
                {
                    "name": "Ion Bazan",
                    "email": "ion.bazan@gmail.com"
                },
                {
                    "name": "Nicolas Grekas",
                    "email": "p@tchwork.com"
                },
                {
                    "name": "Symfony Community",
                    "homepage": "https://symfony.com/contributors"
                }
            ],
            "description": "Symfony polyfill backporting some PHP 8.0+ features to lower PHP versions",
            "homepage": "https://symfony.com",
            "keywords": [
                "compatibility",
                "polyfill",
                "portable",
                "shim"
            ],
            "support": {
                "source": "https://github.com/symfony/polyfill-php80/tree/v1.29.0"
            },
            "funding": [
                {
                    "url": "https://symfony.com/sponsor",
                    "type": "custom"
                },
                {
                    "url": "https://github.com/fabpot",
                    "type": "github"
                },
                {
                    "url": "https://tidelift.com/funding/github/packagist/symfony/symfony",
                    "type": "tidelift"
                }
            ],
            "time": "2024-01-29T20:11:03+00:00"
        }
    ],
    "packages-dev": [],
    "aliases": [],
    "minimum-stability": "stable",
    "stability-flags": [],
    "prefer-stable": false,
    "prefer-lowest": false,
    "platform": {
        "php": "^8.0"
    },
    "platform-dev": [],
    "plugin-api-version": "2.6.0"
}
